{
  "requires": true,
  "lockfileVersion": 1,
  "dependencies": {
    "monaco-editor": {
      "version": "0.37.1",
      "resolved": "https://registry.npmjs.org/monaco-editor/-/monaco-editor-0.37.1.tgz",
      "integrity": "sha512-jLXEEYSbqMkT/FuJLBZAVWGuhIb4JNwHE9kPTorAVmsdZ4UzHAfgWxLsVtD7pLRFaOwYPhNG9nUCpmFL1t/dIg=="
    }
  }
}
